
Microsoft Visual Studio Solution File, Format Version 12.00
# Visual Studio 15
VisualStudioVersion = 15.0.28307.106
MinimumVisualStudioVersion = 10.0.40219.1
Project("{FAE04EC0-301F-11D3-BF4B-00C04F79EFBC}") = "ProductAPI", "ProductAPI\ProductAPI.csproj", "{05854034-8B80-42D8-9B13-504B35079E76}"
EndProject
Project("{FAE04EC0-301F-11D3-BF4B-00C04F79EFBC}") = "ProductAPI.Services", "ProductAPI.Services\ProductAPI.Services.csproj", "{3F03292F-6B63-4732-B31B-06CE9DD21434}"
EndProject
Project("{FAE04EC0-301F-11D3-BF4B-00C04F79EFBC}") = "ProductAPI.DAL", "ProductAPI.DAL\ProductAPI.DAL.csproj", "{47386662-6A45-45E0-B6AF-DF5F4BCCBE31}"
EndProject
Project("{FAE04EC0-301F-11D3-BF4B-00C04F79EFBC}") = "ProductAPI.Core", "ProductAPI.Core\ProductAPI.Core.csproj", "{0BD838EC-9DCF-477B-A5FB-D312A00B398A}"
EndProject
Project("{FAE04EC0-301F-11D3-BF4B-00C04F79EFBC}") = "ProductsApi.Tests", "ProductsApi.Tests\ProductsApi.Tests.csproj", "{86D51900-D946-4F84-B9AA-CBF74F64D70F}"
EndProject
Global
	GlobalSection(SolutionConfigurationPlatforms) = preSolution
		Debug|Any CPU = Debug|Any CPU
		Debug|ARM = Debug|ARM
		Debug|ARM64 = Debug|ARM64
		Debug|x64 = Debug|x64
		Debug|x86 = Debug|x86
		Release|Any CPU = Release|Any CPU
		Release|ARM = Release|ARM
		Release|ARM64 = Release|ARM64
		Release|x64 = Release|x64
		Release|x86 = Release|x86
	EndGlobalSection
	GlobalSection(ProjectConfigurationPlatforms) = postSolution
		{05854034-8B80-42D8-9B13-504B35079E76}.Debug|Any CPU.ActiveCfg = Debug|Any CPU
		{05854034-8B80-42D8-9B13-504B35079E76}.Debug|Any CPU.Build.0 = Debug|Any CPU
		{05854034-8B80-42D8-9B13-504B35079E76}.Debug|ARM.ActiveCfg = Debug|Any CPU
		{05854034-8B80-42D8-9B13-504B35079E76}.Debug|ARM.Build.0 = Debug|Any CPU
		{05854034-8B80-42D8-9B13-504B35079E76}.Debug|ARM64.ActiveCfg = Debug|Any CPU
		{05854034-8B80-42D8-9B13-504B35079E76}.Debug|ARM64.Build.0 = Debug|Any CPU
		{05854034-8B80-42D8-9B13-504B35079E76}.Debug|x64.ActiveCfg = Debug|Any CPU
		{05854034-8B80-42D8-9B13-504B35079E76}.Debug|x64.Build.0 = Debug|Any CPU
		{05854034-8B80-42D8-9B13-504B35079E76}.Debug|x86.ActiveCfg = Debug|Any CPU
		{05854034-8B80-42D8-9B13-504B35079E76}.Debug|x86.Build.0 = Debug|Any CPU
		{05854034-8B80-42D8-9B13-504B35079E76}.Release|Any CPU.ActiveCfg = Release|Any CPU
		{05854034-8B80-42D8-9B13-504B35079E76}.Release|Any CPU.Build.0 = Release|Any CPU
		{05854034-8B80-42D8-9B13-504B35079E76}.Release|ARM.ActiveCfg = Release|Any CPU
		{05854034-8B80-42D8-9B13-504B35079E76}.Release|ARM.Build.0 = Release|Any CPU
		{05854034-8B80-42D8-9B13-504B35079E76}.Release|ARM64.ActiveCfg = Release|Any CPU
		{05854034-8B80-42D8-9B13-504B35079E76}.Release|ARM64.Build.0 = Release|Any CPU
		{05854034-8B80-42D8-9B13-504B35079E76}.Release|x64.ActiveCfg = Release|Any CPU
		{05854034-8B80-42D8-9B13-504B35079E76}.Release|x64.Build.0 = Release|Any CPU
		{05854034-8B80-42D8-9B13-504B35079E76}.Release|x86.ActiveCfg = Release|Any CPU
		{05854034-8B80-42D8-9B13-504B35079E76}.Release|x86.Build.0 = Release|Any CPU
		{3F03292F-6B63-4732-B31B-06CE9DD21434}.Debug|Any CPU.ActiveCfg = Debug|Any CPU
		{3F03292F-6B63-4732-B31B-06CE9DD21434}.Debug|Any CPU.Build.0 = Debug|Any CPU
		{3F03292F-6B63-4732-B31B-06CE9DD21434}.Debug|ARM.ActiveCfg = Debug|Any CPU
		{3F03292F-6B63-4732-B31B-06CE9DD21434}.Debug|ARM.Build.0 = Debug|Any CPU
		{3F03292F-6B63-4732-B31B-06CE9DD21434}.Debug|ARM64.ActiveCfg = Debug|Any CPU
		{3F03292F-6B63-4732-B31B-06CE9DD21434}.Debug|ARM64.Build.0 = Debug|Any CPU
		{3F03292F-6B63-4732-B31B-06CE9DD21434}.Debug|x64.ActiveCfg = Debug|Any CPU
		{3F03292F-6B63-4732-B31B-06CE9DD21434}.Debug|x64.Build.0 = Debug|Any CPU
		{3F03292F-6B63-4732-B31B-06CE9DD21434}.Debug|x86.ActiveCfg = Debug|Any CPU
		{3F03292F-6B63-4732-B31B-06CE9DD21434}.Debug|x86.Build.0 = Debug|Any CPU
		{3F03292F-6B63-4732-B31B-06CE9DD21434}.Release|Any CPU.ActiveCfg = Release|Any CPU
		{3F03292F-6B63-4732-B31B-06CE9DD21434}.Release|Any CPU.Build.0 = Release|Any CPU
		{3F03292F-6B63-4732-B31B-06CE9DD21434}.Release|ARM.ActiveCfg = Release|Any CPU
		{3F03292F-6B63-4732-B31B-06CE9DD21434}.Release|ARM.Build.0 = Release|Any CPU
		{3F03292F-6B63-4732-B31B-06CE9DD21434}.Release|ARM64.ActiveCfg = Release|Any CPU
		{3F03292F-6B63-4732-B31B-06CE9DD21434}.Release|ARM64.Build.0 = Release|Any CPU
		{3F03292F-6B63-4732-B31B-06CE9DD21434}.Release|x64.ActiveCfg = Release|Any CPU
		{3F03292F-6B63-4732-B31B-06CE9DD21434}.Release|x64.Build.0 = Release|Any CPU
		{3F03292F-6B63-4732-B31B-06CE9DD21434}.Release|x86.ActiveCfg = Release|Any CPU
		{3F03292F-6B63-4732-B31B-06CE9DD21434}.Release|x86.Build.0 = Release|Any CPU
		{47386662-6A45-45E0-B6AF-DF5F4BCCBE31}.Debug|Any CPU.ActiveCfg = Debug|Any CPU
		{47386662-6A45-45E0-B6AF-DF5F4BCCBE31}.Debug|Any CPU.Build.0 = Debug|Any CPU
		{47386662-6A45-45E0-B6AF-DF5F4BCCBE31}.Debug|ARM.ActiveCfg = Debug|Any CPU
		{47386662-6A45-45E0-B6AF-DF5F4BCCBE31}.Debug|ARM.Build.0 = Debug|Any CPU
		{47386662-6A45-45E0-B6AF-DF5F4BCCBE31}.Debug|ARM64.ActiveCfg = Debug|Any CPU
		{47386662-6A45-45E0-B6AF-DF5F4BCCBE31}.Debug|ARM64.Build.0 = Debug|Any CPU
		{47386662-6A45-45E0-B6AF-DF5F4BCCBE31}.Debug|x64.ActiveCfg = Debug|Any CPU
		{47386662-6A45-45E0-B6AF-DF5F4BCCBE31}.Debug|x64.Build.0 = Debug|Any CPU
		{47386662-6A45-45E0-B6AF-DF5F4BCCBE31}.Debug|x86.ActiveCfg = Debug|Any CPU
		{47386662-6A45-45E0-B6AF-DF5F4BCCBE31}.Debug|x86.Build.0 = Debug|Any CPU
		{47386662-6A45-45E0-B6AF-DF5F4BCCBE31}.Release|Any CPU.ActiveCfg = Release|Any CPU
		{47386662-6A45-45E0-B6AF-DF5F4BCCBE31}.Release|Any CPU.Build.0 = Release|Any CPU
		{47386662-6A45-45E0-B6AF-DF5F4BCCBE31}.Release|ARM.ActiveCfg = Release|Any CPU
		{47386662-6A45-45E0-B6AF-DF5F4BCCBE31}.Release|ARM.Build.0 = Release|Any CPU
		{47386662-6A45-45E0-B6AF-DF5F4BCCBE31}.Release|ARM64.ActiveCfg = Release|Any CPU
		{47386662-6A45-45E0-B6AF-DF5F4BCCBE31}.Release|ARM64.Build.0 = Release|Any CPU
		{47386662-6A45-45E0-B6AF-DF5F4BCCBE31}.Release|x64.ActiveCfg = Release|Any CPU
		{47386662-6A45-45E0-B6AF-DF5F4BCCBE31}.Release|x64.Build.0 = Release|Any CPU
		{47386662-6A45-45E0-B6AF-DF5F4BCCBE31}.Release|x86.ActiveCfg = Release|Any CPU
		{47386662-6A45-45E0-B6AF-DF5F4BCCBE31}.Release|x86.Build.0 = Release|Any CPU
		{0BD838EC-9DCF-477B-A5FB-D312A00B398A}.Debug|Any CPU.ActiveCfg = Debug|Any CPU
		{0BD838EC-9DCF-477B-A5FB-D312A00B398A}.Debug|Any CPU.Build.0 = Debug|Any CPU
		{0BD838EC-9DCF-477B-A5FB-D312A00B398A}.Debug|ARM.ActiveCfg = Debug|Any CPU
		{0BD838EC-9DCF-477B-A5FB-D312A00B398A}.Debug|ARM.Build.0 = Debug|Any CPU
		{0BD838EC-9DCF-477B-A5FB-D312A00B398A}.Debug|ARM64.ActiveCfg = Debug|Any CPU
		{0BD838EC-9DCF-477B-A5FB-D312A00B398A}.Debug|ARM64.Build.0 = Debug|Any CPU
		{0BD838EC-9DCF-477B-A5FB-D312A00B398A}.Debug|x64.ActiveCfg = Debug|Any CPU
		{0BD838EC-9DCF-477B-A5FB-D312A00B398A}.Debug|x64.Build.0 = Debug|Any CPU
		{0BD838EC-9DCF-477B-A5FB-D312A00B398A}.Debug|x86.ActiveCfg = Debug|Any CPU
		{0BD838EC-9DCF-477B-A5FB-D312A00B398A}.Debug|x86.Build.0 = Debug|Any CPU
		{0BD838EC-9DCF-477B-A5FB-D312A00B398A}.Release|Any CPU.ActiveCfg = Release|Any CPU
		{0BD838EC-9DCF-477B-A5FB-D312A00B398A}.Release|Any CPU.Build.0 = Release|Any CPU
		{0BD838EC-9DCF-477B-A5FB-D312A00B398A}.Release|ARM.ActiveCfg = Release|Any CPU
		{0BD838EC-9DCF-477B-A5FB-D312A00B398A}.Release|ARM.Build.0 = Release|Any CPU
		{0BD838EC-9DCF-477B-A5FB-D312A00B398A}.Release|ARM64.ActiveCfg = Release|Any CPU
		{0BD838EC-9DCF-477B-A5FB-D312A00B398A}.Release|ARM64.Build.0 = Release|Any CPU
		{0BD838EC-9DCF-477B-A5FB-D312A00B398A}.Release|x64.ActiveCfg = Release|Any CPU
		{0BD838EC-9DCF-477B-A5FB-D312A00B398A}.Release|x64.Build.0 = Release|Any CPU
		{0BD838EC-9DCF-477B-A5FB-D312A00B398A}.Release|x86.ActiveCfg = Release|Any CPU
		{0BD838EC-9DCF-477B-A5FB-D312A00B398A}.Release|x86.Build.0 = Release|Any CPU
		{86D51900-D946-4F84-B9AA-CBF74F64D70F}.Debug|Any CPU.ActiveCfg = Debug|Any CPU
		{86D51900-D946-4F84-B9AA-CBF74F64D70F}.Debug|Any CPU.Build.0 = Debug|Any CPU
		{86D51900-D946-4F84-B9AA-CBF74F64D70F}.Debug|ARM.ActiveCfg = Debug|Any CPU
		{86D51900-D946-4F84-B9AA-CBF74F64D70F}.Debug|ARM.Build.0 = Debug|Any CPU
		{86D51900-D946-4F84-B9AA-CBF74F64D70F}.Debug|ARM64.ActiveCfg = Debug|Any CPU
		{86D51900-D946-4F84-B9AA-CBF74F64D70F}.Debug|ARM64.Build.0 = Debug|Any CPU
		{86D51900-D946-4F84-B9AA-CBF74F64D70F}.Debug|x64.ActiveCfg = Debug|Any CPU
		{86D51900-D946-4F84-B9AA-CBF74F64D70F}.Debug|x64.Build.0 = Debug|Any CPU
		{86D51900-D946-4F84-B9AA-CBF74F64D70F}.Debug|x86.ActiveCfg = Debug|Any CPU
		{86D51900-D946-4F84-B9AA-CBF74F64D70F}.Debug|x86.Build.0 = Debug|Any CPU
		{86D51900-D946-4F84-B9AA-CBF74F64D70F}.Release|Any CPU.ActiveCfg = Release|Any CPU
		{86D51900-D946-4F84-B9AA-CBF74F64D70F}.Release|Any CPU.Build.0 = Release|Any CPU
		{86D51900-D946-4F84-B9AA-CBF74F64D70F}.Release|ARM.ActiveCfg = Release|Any CPU
		{86D51900-D946-4F84-B9AA-CBF74F64D70F}.Release|ARM.Build.0 = Release|Any CPU
		{86D51900-D946-4F84-B9AA-CBF74F64D70F}.Release|ARM64.ActiveCfg = Release|Any CPU
		{86D51900-D946-4F84-B9AA-CBF74F64D70F}.Release|ARM64.Build.0 = Release|Any CPU
		{86D51900-D946-4F84-B9AA-CBF74F64D70F}.Release|x64.ActiveCfg = Release|Any CPU
		{86D51900-D946-4F84-B9AA-CBF74F64D70F}.Release|x64.Build.0 = Release|Any CPU
		{86D51900-D946-4F84-B9AA-CBF74F64D70F}.Release|x86.ActiveCfg = Release|Any CPU
		{86D51900-D946-4F84-B9AA-CBF74F64D70F}.Release|x86.Build.0 = Release|Any CPU
	EndGlobalSection
	GlobalSection(SolutionProperties) = preSolution
		HideSolutionNode = FALSE
	EndGlobalSection
	GlobalSection(ExtensibilityGlobals) = postSolution
		SolutionGuid = {85DC9029-795F-4668-95E6-9B59D791B911}
	EndGlobalSection
EndGlobal
